{
  "requires": true,
  "lockfileVersion": 1,
  "dependencies": {
    "bankcardinfo": {
      "version": "2.0.5",
      "resolved": "http://r.cnpmjs.org/bankcardinfo/download/bankcardinfo-2.0.5.tgz",
      "integrity": "sha1-O1Bclb6rVXKj1pn6MM7yjrY01Xw=",
      "requires": {
        "bluebird": "^3.4.1"
      }
    },
    "bluebird": {
      "version": "3.7.1",
      "resolved": "http://r.cnpmjs.org/bluebird/download/bluebird-3.7.1.tgz",
      "integrity": "sha1-33DjArRx10c0iazyapPWO1P4dN4="
    },
    "js-md5": {
      "version": "0.7.3",
      "resolved": "https://registry.npmjs.org/js-md5/-/js-md5-0.7.3.tgz",
      "integrity": "sha512-ZC41vPSTLKGwIRjqDh8DfXoCrdQIyBgspJVPXHBGu4nZlAEvG3nf+jO9avM9RmLiGakg7vz974ms99nEV0tmTQ=="
    },
    "jweixin-module": {
      "version": "1.4.1",
      "resolved": "https://registry.npmjs.org/jweixin-module/-/jweixin-module-1.4.1.tgz",
      "integrity": "sha512-2R2oa1lYhAsclfjKSf3DP4ZiP1dcrQUbM7aklbeJA+UAg/LS7MqoA6UbTy1cs4sbB34z62K4bKW0Z9iazD8ejg=="
    }
  }
}
